
Microsoft Visual Studio Solution File, Format Version 12.00
# Visual Studio 15
VisualStudioVersion = 15.0.28307.960
MinimumVisualStudioVersion = 10.0.40219.1
Project("{8BC9CEB8-8B4A-11D0-8D11-00A0C91BC942}") = "8.1", "8.1.vcxproj", "{5046CD5C-22A9-4E98-AF42-0FC08AADB0EA}"
EndProject
Global
	GlobalSection(SolutionConfigurationPlatforms) = preSolution
		Debug|x64 = Debug|x64
		Debug|x86 = Debug|x86
		Release|x64 = Release|x64
		Release|x86 = Release|x86
	EndGlobalSection
	GlobalSection(ProjectConfigurationPlatforms) = postSolution
		{5046CD5C-22A9-4E98-AF42-0FC08AADB0EA}.Debug|x64.ActiveCfg = Debug|x64
		{5046CD5C-22A9-4E98-AF42-0FC08AADB0EA}.Debug|x64.Build.0 = Debug|x64
		{5046CD5C-22A9-4E98-AF42-0FC08AADB0EA}.Debug|x86.ActiveCfg = Debug|Win32
		{5046CD5C-22A9-4E98-AF42-0FC08AADB0EA}.Debug|x86.Build.0 = Debug|Win32
		{5046CD5C-22A9-4E98-AF42-0FC08AADB0EA}.Release|x64.ActiveCfg = Release|x64
		{5046CD5C-22A9-4E98-AF42-0FC08AADB0EA}.Release|x64.Build.0 = Release|x64
		{5046CD5C-22A9-4E98-AF42-0FC08AADB0EA}.Release|x86.ActiveCfg = Release|Win32
		{5046CD5C-22A9-4E98-AF42-0FC08AADB0EA}.Release|x86.Build.0 = Release|Win32
	EndGlobalSection
	GlobalSection(SolutionProperties) = preSolution
		HideSolutionNode = FALSE
	EndGlobalSection
	GlobalSection(ExtensibilityGlobals) = postSolution
		SolutionGuid = {F15F2DEA-A7C8-4C9F-8E92-ECC6AEBC3812}
	EndGlobalSection
EndGlobal
